
Microsoft Visual Studio Solution File, Format Version 12.00
# Visual Studio Version 17
VisualStudioVersion = 17.4.33213.308
MinimumVisualStudioVersion = 10.0.40219.1
Project("{FAE04EC0-301F-11D3-BF4B-00C04F79EFBC}") = "FirstTask", "FirstTask\FirstTask.csproj", "{0A3CCB92-38A4-4401-9D20-6016535F8463}"
EndProject
Project("{FAE04EC0-301F-11D3-BF4B-00C04F79EFBC}") = "SecondTask", "SecondTask\SecondTask.csproj", "{A6ABBE4B-1EF4-409C-99F1-809A8246B7EC}"
EndProject
Project("{FAE04EC0-301F-11D3-BF4B-00C04F79EFBC}") = "ThirdTask", "ThirdTask\ThirdTask.csproj", "{2477923B-F534-442F-A912-6CD37F500BCA}"
EndProject
Global
	GlobalSection(SolutionConfigurationPlatforms) = preSolution
		Debug|Any CPU = Debug|Any CPU
		Release|Any CPU = Release|Any CPU
	EndGlobalSection
	GlobalSection(ProjectConfigurationPlatforms) = postSolution
		{0A3CCB92-38A4-4401-9D20-6016535F8463}.Debug|Any CPU.ActiveCfg = Debug|Any CPU
		{0A3CCB92-38A4-4401-9D20-6016535F8463}.Debug|Any CPU.Build.0 = Debug|Any CPU
		{0A3CCB92-38A4-4401-9D20-6016535F8463}.Release|Any CPU.ActiveCfg = Release|Any CPU
		{0A3CCB92-38A4-4401-9D20-6016535F8463}.Release|Any CPU.Build.0 = Release|Any CPU
		{A6ABBE4B-1EF4-409C-99F1-809A8246B7EC}.Debug|Any CPU.ActiveCfg = Debug|Any CPU
		{A6ABBE4B-1EF4-409C-99F1-809A8246B7EC}.Debug|Any CPU.Build.0 = Debug|Any CPU
		{A6ABBE4B-1EF4-409C-99F1-809A8246B7EC}.Release|Any CPU.ActiveCfg = Release|Any CPU
		{A6ABBE4B-1EF4-409C-99F1-809A8246B7EC}.Release|Any CPU.Build.0 = Release|Any CPU
		{2477923B-F534-442F-A912-6CD37F500BCA}.Debug|Any CPU.ActiveCfg = Debug|Any CPU
		{2477923B-F534-442F-A912-6CD37F500BCA}.Debug|Any CPU.Build.0 = Debug|Any CPU
		{2477923B-F534-442F-A912-6CD37F500BCA}.Release|Any CPU.ActiveCfg = Release|Any CPU
		{2477923B-F534-442F-A912-6CD37F500BCA}.Release|Any CPU.Build.0 = Release|Any CPU
	EndGlobalSection
	GlobalSection(SolutionProperties) = preSolution
		HideSolutionNode = FALSE
	EndGlobalSection
	GlobalSection(ExtensibilityGlobals) = postSolution
		SolutionGuid = {4566F3B5-7F6C-4733-9A75-88A91469A970}
	EndGlobalSection
EndGlobal
